
Microsoft Visual Studio Solution File, Format Version 12.00
# Visual Studio 2012
Project("{FAE04EC0-301F-11D3-BF4B-00C04F79EFBC}") = "engVidWS", "engVidWS\engVidWS.csproj", "{8028DD8E-0EFC-41D6-B34E-250F68AD3CF7}"
EndProject
Project("{FAE04EC0-301F-11D3-BF4B-00C04F79EFBC}") = "engVidWSCORE", "engVidWSCORE\engVidWSCORE.csproj", "{70D578DD-8BF6-4C4F-A3AA-59117FB15323}"
EndProject
Global
	GlobalSection(SolutionConfigurationPlatforms) = preSolution
		Debug|Any CPU = Debug|Any CPU
		Debug|ARM = Debug|ARM
		Debug|x64 = Debug|x64
		Debug|x86 = Debug|x86
		Release|Any CPU = Release|Any CPU
		Release|ARM = Release|ARM
		Release|x64 = Release|x64
		Release|x86 = Release|x86
	EndGlobalSection
	GlobalSection(ProjectConfigurationPlatforms) = postSolution
		{8028DD8E-0EFC-41D6-B34E-250F68AD3CF7}.Debug|Any CPU.ActiveCfg = Debug|Any CPU
		{8028DD8E-0EFC-41D6-B34E-250F68AD3CF7}.Debug|Any CPU.Build.0 = Debug|Any CPU
		{8028DD8E-0EFC-41D6-B34E-250F68AD3CF7}.Debug|Any CPU.Deploy.0 = Debug|Any CPU
		{8028DD8E-0EFC-41D6-B34E-250F68AD3CF7}.Debug|ARM.ActiveCfg = Debug|ARM
		{8028DD8E-0EFC-41D6-B34E-250F68AD3CF7}.Debug|ARM.Build.0 = Debug|ARM
		{8028DD8E-0EFC-41D6-B34E-250F68AD3CF7}.Debug|ARM.Deploy.0 = Debug|ARM
		{8028DD8E-0EFC-41D6-B34E-250F68AD3CF7}.Debug|x64.ActiveCfg = Debug|x64
		{8028DD8E-0EFC-41D6-B34E-250F68AD3CF7}.Debug|x64.Build.0 = Debug|x64
		{8028DD8E-0EFC-41D6-B34E-250F68AD3CF7}.Debug|x64.Deploy.0 = Debug|x64
		{8028DD8E-0EFC-41D6-B34E-250F68AD3CF7}.Debug|x86.ActiveCfg = Debug|x86
		{8028DD8E-0EFC-41D6-B34E-250F68AD3CF7}.Debug|x86.Build.0 = Debug|x86
		{8028DD8E-0EFC-41D6-B34E-250F68AD3CF7}.Debug|x86.Deploy.0 = Debug|x86
		{8028DD8E-0EFC-41D6-B34E-250F68AD3CF7}.Release|Any CPU.ActiveCfg = Release|Any CPU
		{8028DD8E-0EFC-41D6-B34E-250F68AD3CF7}.Release|Any CPU.Build.0 = Release|Any CPU
		{8028DD8E-0EFC-41D6-B34E-250F68AD3CF7}.Release|Any CPU.Deploy.0 = Release|Any CPU
		{8028DD8E-0EFC-41D6-B34E-250F68AD3CF7}.Release|ARM.ActiveCfg = Release|ARM
		{8028DD8E-0EFC-41D6-B34E-250F68AD3CF7}.Release|ARM.Build.0 = Release|ARM
		{8028DD8E-0EFC-41D6-B34E-250F68AD3CF7}.Release|ARM.Deploy.0 = Release|ARM
		{8028DD8E-0EFC-41D6-B34E-250F68AD3CF7}.Release|x64.ActiveCfg = Release|x64
		{8028DD8E-0EFC-41D6-B34E-250F68AD3CF7}.Release|x64.Build.0 = Release|x64
		{8028DD8E-0EFC-41D6-B34E-250F68AD3CF7}.Release|x64.Deploy.0 = Release|x64
		{8028DD8E-0EFC-41D6-B34E-250F68AD3CF7}.Release|x86.ActiveCfg = Release|x86
		{8028DD8E-0EFC-41D6-B34E-250F68AD3CF7}.Release|x86.Build.0 = Release|x86
		{8028DD8E-0EFC-41D6-B34E-250F68AD3CF7}.Release|x86.Deploy.0 = Release|x86
		{70D578DD-8BF6-4C4F-A3AA-59117FB15323}.Debug|Any CPU.ActiveCfg = Debug|Any CPU
		{70D578DD-8BF6-4C4F-A3AA-59117FB15323}.Debug|Any CPU.Build.0 = Debug|Any CPU
		{70D578DD-8BF6-4C4F-A3AA-59117FB15323}.Debug|ARM.ActiveCfg = Debug|ARM
		{70D578DD-8BF6-4C4F-A3AA-59117FB15323}.Debug|ARM.Build.0 = Debug|ARM
		{70D578DD-8BF6-4C4F-A3AA-59117FB15323}.Debug|x64.ActiveCfg = Debug|x64
		{70D578DD-8BF6-4C4F-A3AA-59117FB15323}.Debug|x64.Build.0 = Debug|x64
		{70D578DD-8BF6-4C4F-A3AA-59117FB15323}.Debug|x86.ActiveCfg = Debug|x86
		{70D578DD-8BF6-4C4F-A3AA-59117FB15323}.Debug|x86.Build.0 = Debug|x86
		{70D578DD-8BF6-4C4F-A3AA-59117FB15323}.Release|Any CPU.ActiveCfg = Release|Any CPU
		{70D578DD-8BF6-4C4F-A3AA-59117FB15323}.Release|Any CPU.Build.0 = Release|Any CPU
		{70D578DD-8BF6-4C4F-A3AA-59117FB15323}.Release|ARM.ActiveCfg = Release|ARM
		{70D578DD-8BF6-4C4F-A3AA-59117FB15323}.Release|ARM.Build.0 = Release|ARM
		{70D578DD-8BF6-4C4F-A3AA-59117FB15323}.Release|x64.ActiveCfg = Release|x64
		{70D578DD-8BF6-4C4F-A3AA-59117FB15323}.Release|x64.Build.0 = Release|x64
		{70D578DD-8BF6-4C4F-A3AA-59117FB15323}.Release|x86.ActiveCfg = Release|x86
		{70D578DD-8BF6-4C4F-A3AA-59117FB15323}.Release|x86.Build.0 = Release|x86
	EndGlobalSection
	GlobalSection(SolutionProperties) = preSolution
		HideSolutionNode = FALSE
	EndGlobalSection
EndGlobal
